
Microsoft Visual Studio Solution File, Format Version 12.00
# Visual Studio 14
VisualStudioVersion = 14.0.25420.1
MinimumVisualStudioVersion = 10.0.40219.1
Project("{8BC9CEB8-8B4A-11D0-8D11-00A0C91BC942}") = "Filesystem", "Filesystem\Filesystem.vcxproj", "{233C0B0F-2C54-4038-9E63-6F5F5D9C6397}"
EndProject
Project("{8BC9CEB8-8B4A-11D0-8D11-00A0C91BC942}") = "Scene", "Scene\Scene.vcxproj", "{4FBF4291-7D7C-4631-BF07-F0FC232EA4D3}"
EndProject
Project("{8BC9CEB8-8B4A-11D0-8D11-00A0C91BC942}") = "OptiXMappingSystem", "OptiXMappingSystem\OptiXMappingSystem.vcxproj", "{5FA629D8-53E0-4D1D-A846-A31EE4398F7E}"
EndProject
Project("{8BC9CEB8-8B4A-11D0-8D11-00A0C91BC942}") = "PTXCompiler", "PTXCompiler\PTXCompiler.vcxproj", "{FAD5B8C8-AA34-4671-822D-76C0666747BB}"
EndProject
Project("{8BC9CEB8-8B4A-11D0-8D11-00A0C91BC942}") = "OptiXRenderingSystem", "OptiXRenderingSystem\OptiXRenderingSystem.vcxproj", "{81DF9839-2F0C-4752-8250-E1BE268B554D}"
EndProject
Project("{8BC9CEB8-8B4A-11D0-8D11-00A0C91BC942}") = "Fusion", "Fusion\Fusion.vcxproj", "{269FE139-8FA6-411E-9134-EF97BD24119C}"
EndProject
Project("{8BC9CEB8-8B4A-11D0-8D11-00A0C91BC942}") = "EditorUI", "EditorUI\EditorUI.vcxproj", "{1DD3767F-20C4-4315-90CF-79B55207F4B1}"
EndProject
Project("{8BC9CEB8-8B4A-11D0-8D11-00A0C91BC942}") = "CommSystem", "CommSystem\CommSystem.vcxproj", "{72FF344E-C81A-4C59-810D-AF7DCFAF8530}"
EndProject
Project("{8BC9CEB8-8B4A-11D0-8D11-00A0C91BC942}") = "OptiXSceneHierarchy", "OptiXSceneHierarchy\OptiXSceneHierarchy.vcxproj", "{403A7FA5-0FB1-4F7B-98F3-8434521828A8}"
EndProject
Global
	GlobalSection(SolutionConfigurationPlatforms) = preSolution
		Debug|x64 = Debug|x64
		Debug|x86 = Debug|x86
		Release|x64 = Release|x64
		Release|x86 = Release|x86
	EndGlobalSection
	GlobalSection(ProjectConfigurationPlatforms) = postSolution
		{233C0B0F-2C54-4038-9E63-6F5F5D9C6397}.Debug|x64.ActiveCfg = Debug|x64
		{233C0B0F-2C54-4038-9E63-6F5F5D9C6397}.Debug|x64.Build.0 = Debug|x64
		{233C0B0F-2C54-4038-9E63-6F5F5D9C6397}.Debug|x86.ActiveCfg = Debug|x64
		{233C0B0F-2C54-4038-9E63-6F5F5D9C6397}.Release|x64.ActiveCfg = Release|x64
		{233C0B0F-2C54-4038-9E63-6F5F5D9C6397}.Release|x64.Build.0 = Release|x64
		{233C0B0F-2C54-4038-9E63-6F5F5D9C6397}.Release|x86.ActiveCfg = Release|x64
		{4FBF4291-7D7C-4631-BF07-F0FC232EA4D3}.Debug|x64.ActiveCfg = Debug|x64
		{4FBF4291-7D7C-4631-BF07-F0FC232EA4D3}.Debug|x64.Build.0 = Debug|x64
		{4FBF4291-7D7C-4631-BF07-F0FC232EA4D3}.Debug|x86.ActiveCfg = Debug|x64
		{4FBF4291-7D7C-4631-BF07-F0FC232EA4D3}.Release|x64.ActiveCfg = Release|x64
		{4FBF4291-7D7C-4631-BF07-F0FC232EA4D3}.Release|x64.Build.0 = Release|x64
		{4FBF4291-7D7C-4631-BF07-F0FC232EA4D3}.Release|x86.ActiveCfg = Release|x64
		{5FA629D8-53E0-4D1D-A846-A31EE4398F7E}.Debug|x64.ActiveCfg = Debug|x64
		{5FA629D8-53E0-4D1D-A846-A31EE4398F7E}.Debug|x64.Build.0 = Debug|x64
		{5FA629D8-53E0-4D1D-A846-A31EE4398F7E}.Debug|x86.ActiveCfg = Debug|x64
		{5FA629D8-53E0-4D1D-A846-A31EE4398F7E}.Release|x64.ActiveCfg = Release|x64
		{5FA629D8-53E0-4D1D-A846-A31EE4398F7E}.Release|x64.Build.0 = Release|x64
		{5FA629D8-53E0-4D1D-A846-A31EE4398F7E}.Release|x86.ActiveCfg = Release|x64
		{FAD5B8C8-AA34-4671-822D-76C0666747BB}.Debug|x64.ActiveCfg = Debug|x64
		{FAD5B8C8-AA34-4671-822D-76C0666747BB}.Debug|x64.Build.0 = Debug|x64
		{FAD5B8C8-AA34-4671-822D-76C0666747BB}.Debug|x86.ActiveCfg = Debug|x64
		{FAD5B8C8-AA34-4671-822D-76C0666747BB}.Release|x64.ActiveCfg = Release|x64
		{FAD5B8C8-AA34-4671-822D-76C0666747BB}.Release|x64.Build.0 = Release|x64
		{FAD5B8C8-AA34-4671-822D-76C0666747BB}.Release|x86.ActiveCfg = Release|x64
		{81DF9839-2F0C-4752-8250-E1BE268B554D}.Debug|x64.ActiveCfg = Debug|x64
		{81DF9839-2F0C-4752-8250-E1BE268B554D}.Debug|x64.Build.0 = Debug|x64
		{81DF9839-2F0C-4752-8250-E1BE268B554D}.Debug|x86.ActiveCfg = Debug|x64
		{81DF9839-2F0C-4752-8250-E1BE268B554D}.Release|x64.ActiveCfg = Release|x64
		{81DF9839-2F0C-4752-8250-E1BE268B554D}.Release|x64.Build.0 = Release|x64
		{81DF9839-2F0C-4752-8250-E1BE268B554D}.Release|x86.ActiveCfg = Release|x64
		{269FE139-8FA6-411E-9134-EF97BD24119C}.Debug|x64.ActiveCfg = Debug|x64
		{269FE139-8FA6-411E-9134-EF97BD24119C}.Debug|x64.Build.0 = Debug|x64
		{269FE139-8FA6-411E-9134-EF97BD24119C}.Debug|x86.ActiveCfg = Debug|x64
		{269FE139-8FA6-411E-9134-EF97BD24119C}.Release|x64.ActiveCfg = Release|x64
		{269FE139-8FA6-411E-9134-EF97BD24119C}.Release|x64.Build.0 = Release|x64
		{269FE139-8FA6-411E-9134-EF97BD24119C}.Release|x86.ActiveCfg = Release|x64
		{1DD3767F-20C4-4315-90CF-79B55207F4B1}.Debug|x64.ActiveCfg = Debug|x64
		{1DD3767F-20C4-4315-90CF-79B55207F4B1}.Debug|x64.Build.0 = Debug|x64
		{1DD3767F-20C4-4315-90CF-79B55207F4B1}.Debug|x86.ActiveCfg = Debug|x64
		{1DD3767F-20C4-4315-90CF-79B55207F4B1}.Release|x64.ActiveCfg = Release|x64
		{1DD3767F-20C4-4315-90CF-79B55207F4B1}.Release|x64.Build.0 = Release|x64
		{1DD3767F-20C4-4315-90CF-79B55207F4B1}.Release|x86.ActiveCfg = Release|x64
		{72FF344E-C81A-4C59-810D-AF7DCFAF8530}.Debug|x64.ActiveCfg = Debug|x64
		{72FF344E-C81A-4C59-810D-AF7DCFAF8530}.Debug|x64.Build.0 = Debug|x64
		{72FF344E-C81A-4C59-810D-AF7DCFAF8530}.Debug|x86.ActiveCfg = Debug|x64
		{72FF344E-C81A-4C59-810D-AF7DCFAF8530}.Release|x64.ActiveCfg = Release|x64
		{72FF344E-C81A-4C59-810D-AF7DCFAF8530}.Release|x64.Build.0 = Release|x64
		{72FF344E-C81A-4C59-810D-AF7DCFAF8530}.Release|x86.ActiveCfg = Release|x64
		{403A7FA5-0FB1-4F7B-98F3-8434521828A8}.Debug|x64.ActiveCfg = Debug|x64
		{403A7FA5-0FB1-4F7B-98F3-8434521828A8}.Debug|x64.Build.0 = Debug|x64
		{403A7FA5-0FB1-4F7B-98F3-8434521828A8}.Debug|x86.ActiveCfg = Debug|x64
		{403A7FA5-0FB1-4F7B-98F3-8434521828A8}.Release|x64.ActiveCfg = Release|x64
		{403A7FA5-0FB1-4F7B-98F3-8434521828A8}.Release|x64.Build.0 = Release|x64
		{403A7FA5-0FB1-4F7B-98F3-8434521828A8}.Release|x86.ActiveCfg = Release|x64
	EndGlobalSection
	GlobalSection(SolutionProperties) = preSolution
		HideSolutionNode = FALSE
	EndGlobalSection
EndGlobal
