
Microsoft Visual Studio Solution File, Format Version 12.00
# Visual Studio 14
VisualStudioVersion = 14.0.25420.1
MinimumVisualStudioVersion = 10.0.40219.1
Project("{8BC9CEB8-8B4A-11D0-8D11-00A0C91BC942}") = "Filesystem", "Filesystem\Filesystem.vcxproj", "{233C0B0F-2C54-4038-9E63-6F5F5D9C6397}"
EndProject
Project("{8BC9CEB8-8B4A-11D0-8D11-00A0C91BC942}") = "Scene", "Scene\Scene.vcxproj", "{4FBF4291-7D7C-4631-BF07-F0FC232EA4D3}"
EndProject
Project("{8BC9CEB8-8B4A-11D0-8D11-00A0C91BC942}") = "OptiXMappingSystem", "OptiXMappingSystem\OptiXMappingSystem.vcxproj", "{5FA629D8-53E0-4D1D-A846-A31EE4398F7E}"
EndProject
Project("{8BC9CEB8-8B4A-11D0-8D11-00A0C91BC942}") = "PTXCompiler", "PTXCompiler\PTXCompiler.vcxproj", "{FAD5B8C8-AA34-4671-822D-76C0666747BB}"
EndProject
Project("{8BC9CEB8-8B4A-11D0-8D11-00A0C91BC942}") = "OptiXRenderingSystem", "OptiXRenderingSystem\OptiXRenderingSystem.vcxproj", "{81DF9839-2F0C-4752-8250-E1BE268B554D}"
EndProject
Global
	GlobalSection(SolutionConfigurationPlatforms) = preSolution
		Debug|x64 = Debug|x64
		Debug|x86 = Debug|x86
		Release|x64 = Release|x64
		Release|x86 = Release|x86
	EndGlobalSection
	GlobalSection(ProjectConfigurationPlatforms) = postSolution
		{233C0B0F-2C54-4038-9E63-6F5F5D9C6397}.Debug|x64.ActiveCfg = Debug|x64
		{233C0B0F-2C54-4038-9E63-6F5F5D9C6397}.Debug|x64.Build.0 = Debug|x64
		{233C0B0F-2C54-4038-9E63-6F5F5D9C6397}.Debug|x86.ActiveCfg = Debug|x64
		{233C0B0F-2C54-4038-9E63-6F5F5D9C6397}.Release|x64.ActiveCfg = Release|x64
		{233C0B0F-2C54-4038-9E63-6F5F5D9C6397}.Release|x64.Build.0 = Release|x64
		{233C0B0F-2C54-4038-9E63-6F5F5D9C6397}.Release|x86.ActiveCfg = Release|x64
		{4FBF4291-7D7C-4631-BF07-F0FC232EA4D3}.Debug|x64.ActiveCfg = Debug|x64
		{4FBF4291-7D7C-4631-BF07-F0FC232EA4D3}.Debug|x64.Build.0 = Debug|x64
		{4FBF4291-7D7C-4631-BF07-F0FC232EA4D3}.Debug|x86.ActiveCfg = Debug|x64
		{4FBF4291-7D7C-4631-BF07-F0FC232EA4D3}.Release|x64.ActiveCfg = Release|x64
		{4FBF4291-7D7C-4631-BF07-F0FC232EA4D3}.Release|x64.Build.0 = Release|x64
		{4FBF4291-7D7C-4631-BF07-F0FC232EA4D3}.Release|x86.ActiveCfg = Release|x64
		{5FA629D8-53E0-4D1D-A846-A31EE4398F7E}.Debug|x64.ActiveCfg = Debug|x64
		{5FA629D8-53E0-4D1D-A846-A31EE4398F7E}.Debug|x64.Build.0 = Debug|x64
		{5FA629D8-53E0-4D1D-A846-A31EE4398F7E}.Debug|x86.ActiveCfg = Debug|x64
		{5FA629D8-53E0-4D1D-A846-A31EE4398F7E}.Release|x64.ActiveCfg = Release|x64
		{5FA629D8-53E0-4D1D-A846-A31EE4398F7E}.Release|x64.Build.0 = Release|x64
		{5FA629D8-53E0-4D1D-A846-A31EE4398F7E}.Release|x86.ActiveCfg = Release|x64
		{FAD5B8C8-AA34-4671-822D-76C0666747BB}.Debug|x64.ActiveCfg = Debug|x64
		{FAD5B8C8-AA34-4671-822D-76C0666747BB}.Debug|x64.Build.0 = Debug|x64
		{FAD5B8C8-AA34-4671-822D-76C0666747BB}.Debug|x86.ActiveCfg = Debug|x64
		{FAD5B8C8-AA34-4671-822D-76C0666747BB}.Release|x64.ActiveCfg = Release|x64
		{FAD5B8C8-AA34-4671-822D-76C0666747BB}.Release|x64.Build.0 = Release|x64
		{FAD5B8C8-AA34-4671-822D-76C0666747BB}.Release|x86.ActiveCfg = Release|x64
		{81DF9839-2F0C-4752-8250-E1BE268B554D}.Debug|x64.ActiveCfg = Debug|x64
		{81DF9839-2F0C-4752-8250-E1BE268B554D}.Debug|x64.Build.0 = Debug|x64
		{81DF9839-2F0C-4752-8250-E1BE268B554D}.Debug|x86.ActiveCfg = Debug|x64
		{81DF9839-2F0C-4752-8250-E1BE268B554D}.Release|x64.ActiveCfg = Release|x64
		{81DF9839-2F0C-4752-8250-E1BE268B554D}.Release|x64.Build.0 = Release|x64
		{81DF9839-2F0C-4752-8250-E1BE268B554D}.Release|x86.ActiveCfg = Release|x64
	EndGlobalSection
	GlobalSection(SolutionProperties) = preSolution
		HideSolutionNode = FALSE
	EndGlobalSection
EndGlobal
